
Microsoft Visual Studio Solution File, Format Version 12.00
# Visual Studio Version 17
VisualStudioVersion = 17.13.35825.156 d17.13
MinimumVisualStudioVersion = 10.0.40219.1
Project("{FAE04EC0-301F-11D3-BF4B-00C04F79EFBC}") = "WpfAppTemplate", "WpfAppTemplate.csproj", "{CCC75C8B-6A28-45FE-8F38-534098AA82E7}"
EndProject
Global
	GlobalSection(SolutionConfigurationPlatforms) = preSolution
		Debug|Any CPU = Debug|Any CPU
		Release|Any CPU = Release|Any CPU
	EndGlobalSection
	GlobalSection(ProjectConfigurationPlatforms) = postSolution
		{CCC75C8B-6A28-45FE-8F38-534098AA82E7}.Debug|Any CPU.ActiveCfg = Debug|Any CPU
		{CCC75C8B-6A28-45FE-8F38-534098AA82E7}.Debug|Any CPU.Build.0 = Debug|Any CPU
		{CCC75C8B-6A28-45FE-8F38-534098AA82E7}.Release|Any CPU.ActiveCfg = Release|Any CPU
		{CCC75C8B-6A28-45FE-8F38-534098AA82E7}.Release|Any CPU.Build.0 = Release|Any CPU
	EndGlobalSection
	GlobalSection(SolutionProperties) = preSolution
		HideSolutionNode = FALSE
	EndGlobalSection
	GlobalSection(ExtensibilityGlobals) = postSolution
		SolutionGuid = {4009E013-1FF2-4C7A-A205-B3ED8A319438}
	EndGlobalSection
EndGlobal
